
Microsoft Visual Studio Solution File, Format Version 12.00
# Visual Studio Version 17
VisualStudioVersion = 17.8.34309.116
MinimumVisualStudioVersion = 10.0.40219.1
Project("{FAE04EC0-301F-11D3-BF4B-00C04F79EFBC}") = "generator", "generator\generator.csproj", "{550DBD92-BA55-4B27-80E8-36CDC59DD619}"
EndProject
Global
	GlobalSection(SolutionConfigurationPlatforms) = preSolution
		Debug|Any CPU = Debug|Any CPU
		Release|Any CPU = Release|Any CPU
	EndGlobalSection
	GlobalSection(ProjectConfigurationPlatforms) = postSolution
		{550DBD92-BA55-4B27-80E8-36CDC59DD619}.Debug|Any CPU.ActiveCfg = Debug|Any CPU
		{550DBD92-BA55-4B27-80E8-36CDC59DD619}.Debug|Any CPU.Build.0 = Debug|Any CPU
		{550DBD92-BA55-4B27-80E8-36CDC59DD619}.Release|Any CPU.ActiveCfg = Release|Any CPU
		{550DBD92-BA55-4B27-80E8-36CDC59DD619}.Release|Any CPU.Build.0 = Release|Any CPU
	EndGlobalSection
	GlobalSection(SolutionProperties) = preSolution
		HideSolutionNode = FALSE
	EndGlobalSection
	GlobalSection(ExtensibilityGlobals) = postSolution
		SolutionGuid = {6F6C19AA-E2CF-440D-91DB-774A1066E983}
	EndGlobalSection
EndGlobal
